
Microsoft Visual Studio Solution File, Format Version 12.00
# Visual Studio 15
VisualStudioVersion = 15.0.26730.16
MinimumVisualStudioVersion = 10.0.40219.1
Project("{FAE04EC0-301F-11D3-BF4B-00C04F79EFBC}") = "SingleResponsibilityPrinciple2", "SingleResponsibilityPrinciple2\SingleResponsibilityPrinciple2.csproj", "{71D257C5-9E05-40BA-BB63-93581E4CD98C}"
EndProject
Global
	GlobalSection(SolutionConfigurationPlatforms) = preSolution
		Debug|Any CPU = Debug|Any CPU
		Release|Any CPU = Release|Any CPU
	EndGlobalSection
	GlobalSection(ProjectConfigurationPlatforms) = postSolution
		{71D257C5-9E05-40BA-BB63-93581E4CD98C}.Debug|Any CPU.ActiveCfg = Debug|Any CPU
		{71D257C5-9E05-40BA-BB63-93581E4CD98C}.Debug|Any CPU.Build.0 = Debug|Any CPU
		{71D257C5-9E05-40BA-BB63-93581E4CD98C}.Release|Any CPU.ActiveCfg = Release|Any CPU
		{71D257C5-9E05-40BA-BB63-93581E4CD98C}.Release|Any CPU.Build.0 = Release|Any CPU
	EndGlobalSection
	GlobalSection(SolutionProperties) = preSolution
		HideSolutionNode = FALSE
	EndGlobalSection
	GlobalSection(ExtensibilityGlobals) = postSolution
		SolutionGuid = {B71451F9-482D-4A3E-B780-B5DD0583B86A}
	EndGlobalSection
EndGlobal
