
Microsoft Visual Studio Solution File, Format Version 12.00
# Visual Studio 15
VisualStudioVersion = 15.0.26730.16
MinimumVisualStudioVersion = 10.0.40219.1
Project("{FAE04EC0-301F-11D3-BF4B-00C04F79EFBC}") = "InitialModemDemo (Classic.NET)", "InitialModemDemo (Classic.NET)\InitialModemDemo (Classic.NET).csproj", "{179BD9F2-CEDA-4DC6-A081-AB79422E43A0}"
EndProject
Global
	GlobalSection(SolutionConfigurationPlatforms) = preSolution
		Debug|Any CPU = Debug|Any CPU
		Release|Any CPU = Release|Any CPU
	EndGlobalSection
	GlobalSection(ProjectConfigurationPlatforms) = postSolution
		{179BD9F2-CEDA-4DC6-A081-AB79422E43A0}.Debug|Any CPU.ActiveCfg = Debug|Any CPU
		{179BD9F2-CEDA-4DC6-A081-AB79422E43A0}.Debug|Any CPU.Build.0 = Debug|Any CPU
		{179BD9F2-CEDA-4DC6-A081-AB79422E43A0}.Release|Any CPU.ActiveCfg = Release|Any CPU
		{179BD9F2-CEDA-4DC6-A081-AB79422E43A0}.Release|Any CPU.Build.0 = Release|Any CPU
	EndGlobalSection
	GlobalSection(SolutionProperties) = preSolution
		HideSolutionNode = FALSE
	EndGlobalSection
	GlobalSection(ExtensibilityGlobals) = postSolution
		SolutionGuid = {D4DF1D8E-FB9E-437C-BC3C-13098332A261}
	EndGlobalSection
EndGlobal
