
Microsoft Visual Studio Solution File, Format Version 12.00
# Visual Studio 15
VisualStudioVersion = 15.0.26730.16
MinimumVisualStudioVersion = 10.0.40219.1
Project("{FAE04EC0-301F-11D3-BF4B-00C04F79EFBC}") = "OpenClosedPrinciple", "OpenClosedPrinciple\OpenClosedPrinciple.csproj", "{FFB67D62-8CCA-476E-A05B-A3D182BE18A6}"
EndProject
Global
	GlobalSection(SolutionConfigurationPlatforms) = preSolution
		Debug|Any CPU = Debug|Any CPU
		Release|Any CPU = Release|Any CPU
	EndGlobalSection
	GlobalSection(ProjectConfigurationPlatforms) = postSolution
		{FFB67D62-8CCA-476E-A05B-A3D182BE18A6}.Debug|Any CPU.ActiveCfg = Debug|Any CPU
		{FFB67D62-8CCA-476E-A05B-A3D182BE18A6}.Debug|Any CPU.Build.0 = Debug|Any CPU
		{FFB67D62-8CCA-476E-A05B-A3D182BE18A6}.Release|Any CPU.ActiveCfg = Release|Any CPU
		{FFB67D62-8CCA-476E-A05B-A3D182BE18A6}.Release|Any CPU.Build.0 = Release|Any CPU
	EndGlobalSection
	GlobalSection(SolutionProperties) = preSolution
		HideSolutionNode = FALSE
	EndGlobalSection
	GlobalSection(ExtensibilityGlobals) = postSolution
		SolutionGuid = {3F965F87-6D4C-4F05-932B-6C68EBD9C5C5}
	EndGlobalSection
EndGlobal
