
Microsoft Visual Studio Solution File, Format Version 12.00
# Visual Studio 15
VisualStudioVersion = 15.0.26730.16
MinimumVisualStudioVersion = 10.0.40219.1
Project("{FAE04EC0-301F-11D3-BF4B-00C04F79EFBC}") = "WebApplication3", "WebApplication3\WebApplication3.csproj", "{2DEBBF7B-5B69-4687-8C2A-B5A70C94CE15}"
EndProject
Global
	GlobalSection(SolutionConfigurationPlatforms) = preSolution
		Debug|Any CPU = Debug|Any CPU
		Release|Any CPU = Release|Any CPU
	EndGlobalSection
	GlobalSection(ProjectConfigurationPlatforms) = postSolution
		{2DEBBF7B-5B69-4687-8C2A-B5A70C94CE15}.Debug|Any CPU.ActiveCfg = Debug|Any CPU
		{2DEBBF7B-5B69-4687-8C2A-B5A70C94CE15}.Debug|Any CPU.Build.0 = Debug|Any CPU
		{2DEBBF7B-5B69-4687-8C2A-B5A70C94CE15}.Release|Any CPU.ActiveCfg = Release|Any CPU
		{2DEBBF7B-5B69-4687-8C2A-B5A70C94CE15}.Release|Any CPU.Build.0 = Release|Any CPU
	EndGlobalSection
	GlobalSection(SolutionProperties) = preSolution
		HideSolutionNode = FALSE
	EndGlobalSection
	GlobalSection(ExtensibilityGlobals) = postSolution
		SolutionGuid = {E6D02364-38EA-4262-962F-7D96B4EB8FEC}
	EndGlobalSection
EndGlobal
